// !$*UTF8*$!
{
	archiveVersion = 1;
	classes = {
	};
	objectVersion = 50;
	objects = {

/* Begin PBXBuildFile section */
		101E7037230FBE7600A297D9 /* AppDelegate.swift in Sources */ = {isa = PBXBuildFile; fileRef = 101E7036230FBE7600A297D9 /* AppDelegate.swift */; };
		101E7039230FBE7600A297D9 /* ViewController.swift in Sources */ = {isa = PBXBuildFile; fileRef = 101E7038230FBE7600A297D9 /* ViewController.swift */; };
		101E703C230FBE7600A297D9 /* Main.storyboard in Resources */ = {isa = PBXBuildFile; fileRef = 101E703A230FBE7600A297D9 /* Main.storyboard */; };
		101E703E230FBE7900A297D9 /* Assets.xcassets in Resources */ = {isa = PBXBuildFile; fileRef = 101E703D230FBE7900A297D9 /* Assets.xcassets */; };
		101E7041230FBE7900A297D9 /* LaunchScreen.storyboard in Resources */ = {isa = PBXBuildFile; fileRef = 101E703F230FBE7900A297D9 /* LaunchScreen.storyboard */; };
		101E704C230FBE7900A297D9 /* iOS_Sample_ArchitectureTests.swift in Sources */ = {isa = PBXBuildFile; fileRef = 101E704B230FBE7900A297D9 /* iOS_Sample_ArchitectureTests.swift */; };
/* End PBXBuildFile section */

/* Begin PBXContainerItemProxy section */
		101E7048230FBE7900A297D9 /* PBXContainerItemProxy */ = {
			isa = PBXContainerItemProxy;
			containerPortal = 101E702B230FBE7600A297D9 /* Project object */;
			proxyType = 1;
			remoteGlobalIDString = 101E7032230FBE7600A297D9;
			remoteInfo = "iOS Sample Architecture";
		};
/* End PBXContainerItemProxy section */

/* Begin PBXFileReference section */
		101E7033230FBE7600A297D9 /* iOS Sample Architecture.app */ = {isa = PBXFileReference; explicitFileType = wrapper.application; includeInIndex = 0; path = "iOS Sample Architecture.app"; sourceTree = BUILT_PRODUCTS_DIR; };
		101E7036230FBE7600A297D9 /* AppDelegate.swift */ = {isa = PBXFileReference; lastKnownFileType = sourcecode.swift; path = AppDelegate.swift; sourceTree = "<group>"; };
		101E7038230FBE7600A297D9 /* ViewController.swift */ = {isa = PBXFileReference; lastKnownFileType = sourcecode.swift; path = ViewController.swift; sourceTree = "<group>"; };
		101E703B230FBE7600A297D9 /* Base */ = {isa = PBXFileReference; lastKnownFileType = file.storyboard; name = Base; path = Base.lproj/Main.storyboard; sourceTree = "<group>"; };
		101E703D230FBE7900A297D9 /* Assets.xcassets */ = {isa = PBXFileReference; lastKnownFileType = folder.assetcatalog; path = Assets.xcassets; sourceTree = "<group>"; };
		101E7040230FBE7900A297D9 /* Base */ = {isa = PBXFileReference; lastKnownFileType = file.storyboard; name = Base; path = Base.lproj/LaunchScreen.storyboard; sourceTree = "<group>"; };
		101E7042230FBE7900A297D9 /* Info.plist */ = {isa = PBXFileReference; lastKnownFileType = text.plist.xml; path = Info.plist; sourceTree = "<group>"; };
		101E7047230FBE7900A297D9 /* iOS Sample ArchitectureTests.xctest */ = {isa = PBXFileReference; explicitFileType = wrapper.cfbundle; includeInIndex = 0; path = "iOS Sample ArchitectureTests.xctest"; sourceTree = BUILT_PRODUCTS_DIR; };
		101E704B230FBE7900A297D9 /* iOS_Sample_ArchitectureTests.swift */ = {isa = PBXFileReference; lastKnownFileType = sourcecode.swift; path = iOS_Sample_ArchitectureTests.swift; sourceTree = "<group>"; };
		101E704D230FBE7900A297D9 /* Info.plist */ = {isa = PBXFileReference; lastKnownFileType = text.plist.xml; path = Info.plist; sourceTree = "<group>"; };
/* End PBXFileReference section */

/* Begin PBXFrameworksBuildPhase section */
		101E7030230FBE7600A297D9 /* Frameworks */ = {
			isa = PBXFrameworksBuildPhase;
			buildActionMask = 2147483647;
			files = (
			);
			runOnlyForDeploymentPostprocessing = 0;
		};
		101E7044230FBE7900A297D9 /* Frameworks */ = {
			isa = PBXFrameworksBuildPhase;
			buildActionMask = 2147483647;
			files = (
			);
			runOnlyForDeploymentPostprocessing = 0;
		};
/* End PBXFrameworksBuildPhase section */

/* Begin PBXGroup section */
		101E702A230FBE7600A297D9 = {
			isa = PBXGroup;
			children = (
				101E7035230FBE7600A297D9 /* iOS Sample Architecture */,
				101E704A230FBE7900A297D9 /* iOS Sample ArchitectureTests */,
				101E7034230FBE7600A297D9 /* Products */,
			);
			sourceTree = "<group>";
		};
		101E7034230FBE7600A297D9 /* Products */ = {
			isa = PBXGroup;
			children = (
				101E7033230FBE7600A297D9 /* iOS Sample Architecture.app */,
				101E7047230FBE7900A297D9 /* iOS Sample ArchitectureTests.xctest */,
			);
			name = Products;
			sourceTree = "<group>";
		};
		101E7035230FBE7600A297D9 /* iOS Sample Architecture */ = {
			isa = PBXGroup;
			children = (
				101E7036230FBE7600A297D9 /* AppDelegate.swift */,
				101E7038230FBE7600A297D9 /* ViewController.swift */,
				101E703A230FBE7600A297D9 /* Main.storyboard */,
				101E703D230FBE7900A297D9 /* Assets.xcassets */,
				101E703F230FBE7900A297D9 /* LaunchScreen.storyboard */,
				101E7042230FBE7900A297D9 /* Info.plist */,
			);
			path = "iOS Sample Architecture";
			sourceTree = "<group>";
		};
		101E704A230FBE7900A297D9 /* iOS Sample ArchitectureTests */ = {
			isa = PBXGroup;
			children = (
				101E704B230FBE7900A297D9 /* iOS_Sample_ArchitectureTests.swift */,
				101E704D230FBE7900A297D9 /* Info.plist */,
			);
			path = "iOS Sample ArchitectureTests";
			sourceTree = "<group>";
		};
/* End PBXGroup section */

/* Begin PBXNativeTarget section */
		101E7032230FBE7600A297D9 /* iOS Sample Architecture */ = {
			isa = PBXNativeTarget;
			buildConfigurationList = 101E7050230FBE7900A297D9 /* Build configuration list for PBXNativeTarget "iOS Sample Architecture" */;
			buildPhases = (
				101E702F230FBE7600A297D9 /* Sources */,
				101E7030230FBE7600A297D9 /* Frameworks */,
				101E7031230FBE7600A297D9 /* Resources */,
			);
			buildRules = (
			);
			dependencies = (
			);
			name = "iOS Sample Architecture";
			productName = "iOS Sample Architecture";
			productReference = 101E7033230FBE7600A297D9 /* iOS Sample Architecture.app */;
			productType = "com.apple.product-type.application";
		};
		101E7046230FBE7900A297D9 /* iOS Sample ArchitectureTests */ = {
			isa = PBXNativeTarget;
			buildConfigurationList = 101E7053230FBE7900A297D9 /* Build configuration list for PBXNativeTarget "iOS Sample ArchitectureTests" */;
			buildPhases = (
				101E7043230FBE7900A297D9 /* Sources */,
				101E7044230FBE7900A297D9 /* Frameworks */,
				101E7045230FBE7900A297D9 /* Resources */,
			);
			buildRules = (
			);
			dependencies = (
				101E7049230FBE7900A297D9 /* PBXTargetDependency */,
			);
			name = "iOS Sample ArchitectureTests";
			productName = "iOS Sample ArchitectureTests";
			productReference = 101E7047230FBE7900A297D9 /* iOS Sample ArchitectureTests.xctest */;
			productType = "com.apple.product-type.bundle.unit-test";
		};
/* End PBXNativeTarget section */

/* Begin PBXProject section */
		101E702B230FBE7600A297D9 /* Project object */ = {
			isa = PBXProject;
			attributes = {
				LastSwiftUpdateCheck = 1030;
				LastUpgradeCheck = 1030;
				ORGANIZATIONNAME = hedy;
				TargetAttributes = {
					101E7032230FBE7600A297D9 = {
						CreatedOnToolsVersion = 10.3;
					};
					101E7046230FBE7900A297D9 = {
						CreatedOnToolsVersion = 10.3;
						TestTargetID = 101E7032230FBE7600A297D9;
					};
				};
			};
			buildConfigurationList = 101E702E230FBE7600A297D9 /* Build configuration list for PBXProject "iOS Sample Architecture" */;
			compatibilityVersion = "Xcode 9.3";
			developmentRegion = en;
			hasScannedForEncodings = 0;
			knownRegions = (
				en,
				Base,
			);
			mainGroup = 101E702A230FBE7600A297D9;
			productRefGroup = 101E7034230FBE7600A297D9 /* Products */;
			projectDirPath = "";
			projectRoot = "";
			targets = (
				101E7032230FBE7600A297D9 /* iOS Sample Architecture */,
				101E7046230FBE7900A297D9 /* iOS Sample ArchitectureTests */,
			);
		};
/* End PBXProject section */

/* Begin PBXResourcesBuildPhase section */
		101E7031230FBE7600A297D9 /* Resources */ = {
			isa = PBXResourcesBuildPhase;
			buildActionMask = 2147483647;
			files = (
				101E7041230FBE7900A297D9 /* LaunchScreen.storyboard in Resources */,
				101E703E230FBE7900A297D9 /* Assets.xcassets in Resources */,
				101E703C230FBE7600A297D9 /* Main.storyboard in Resources */,
			);
			runOnlyForDeploymentPostprocessing = 0;
		};
		101E7045230FBE7900A297D9 /* Resources */ = {
			isa = PBXResourcesBuildPhase;
			buildActionMask = 2147483647;
			files = (
			);
			runOnlyForDeploymentPostprocessing = 0;
		};
/* End PBXResourcesBuildPhase section */

/* Begin PBXSourcesBuildPhase section */
		101E702F230FBE7600A297D9 /* Sources */ = {
			isa = PBXSourcesBuildPhase;
			buildActionMask = 2147483647;
			files = (
				101E7039230FBE7600A297D9 /* ViewController.swift in Sources */,
				101E7037230FBE7600A297D9 /* AppDelegate.swift in Sources */,
			);
			runOnlyForDeploymentPostprocessing = 0;
		};
		101E7043230FBE7900A297D9 /* Sources */ = {
			isa = PBXSourcesBuildPhase;
			buildActionMask = 2147483647;
			files = (
				101E704C230FBE7900A297D9 /* iOS_Sample_ArchitectureTests.swift in Sources */,
			);
			runOnlyForDeploymentPostprocessing = 0;
		};
/* End PBXSourcesBuildPhase section */

/* Begin PBXTargetDependency section */
		101E7049230FBE7900A297D9 /* PBXTargetDependency */ = {
			isa = PBXTargetDependency;
			target = 101E7032230FBE7600A297D9 /* iOS Sample Architecture */;
			targetProxy = 101E7048230FBE7900A297D9 /* PBXContainerItemProxy */;
		};
/* End PBXTargetDependency section */

/* Begin PBXVariantGroup section */
		101E703A230FBE7600A297D9 /* Main.storyboard */ = {
			isa = PBXVariantGroup;
			children = (
				101E703B230FBE7600A297D9 /* Base */,
			);
			name = Main.storyboard;
			sourceTree = "<group>";
		};
		101E703F230FBE7900A297D9 /* LaunchScreen.storyboard */ = {
			isa = PBXVariantGroup;
			children = (
				101E7040230FBE7900A297D9 /* Base */,
			);
			name = LaunchScreen.storyboard;
			sourceTree = "<group>";
		};
/* End PBXVariantGroup section */

/* Begin XCBuildConfiguration section */
		101E704E230FBE7900A297D9 /* Debug */ = {
			isa = XCBuildConfiguration;
			buildSettings = {
				ALWAYS_SEARCH_USER_PATHS = NO;
				CLANG_ANALYZER_NONNULL = YES;
				CLANG_ANALYZER_NUMBER_OBJECT_CONVERSION = YES_AGGRESSIVE;
				CLANG_CXX_LANGUAGE_STANDARD = "gnu++14";
				CLANG_CXX_LIBRARY = "libc++";
				CLANG_ENABLE_MODULES = YES;
				CLANG_ENABLE_OBJC_ARC = YES;
				CLANG_ENABLE_OBJC_WEAK = YES;
				CLANG_WARN_BLOCK_CAPTURE_AUTORELEASING = YES;
				CLANG_WARN_BOOL_CONVERSION = YES;
				CLANG_WARN_COMMA = YES;
				CLANG_WARN_CONSTANT_CONVERSION = YES;
				CLANG_WARN_DEPRECATED_OBJC_IMPLEMENTATIONS = YES;
				CLANG_WARN_DIRECT_OBJC_ISA_USAGE = YES_ERROR;
				CLANG_WARN_DOCUMENTATION_COMMENTS = YES;
				CLANG_WARN_EMPTY_BODY = YES;
				CLANG_WARN_ENUM_CONVERSION = YES;
				CLANG_WARN_INFINITE_RECURSION = YES;
				CLANG_WARN_INT_CONVERSION = YES;
				CLANG_WARN_NON_LITERAL_NULL_CONVERSION = YES;
				CLANG_WARN_OBJC_IMPLICIT_RETAIN_SELF = YES;
				CLANG_WARN_OBJC_LITERAL_CONVERSION = YES;
				CLANG_WARN_OBJC_ROOT_CLASS = YES_ERROR;
				CLANG_WARN_RANGE_LOOP_ANALYSIS = YES;
				CLANG_WARN_STRICT_PROTOTYPES = YES;
				CLANG_WARN_SUSPICIOUS_MOVE = YES;
				CLANG_WARN_UNGUARDED_AVAILABILITY = YES_AGGRESSIVE;
				CLANG_WARN_UNREACHABLE_CODE = YES;
				CLANG_WARN__DUPLICATE_METHOD_MATCH = YES;
				CODE_SIGN_IDENTITY = "iPhone Developer";
				COPY_PHASE_STRIP = NO;
				DEBUG_INFORMATION_FORMAT = dwarf;
				ENABLE_STRICT_OBJC_MSGSEND = YES;
				ENABLE_TESTABILITY = YES;
				GCC_C_LANGUAGE_STANDARD = gnu11;
				GCC_DYNAMIC_NO_PIC = NO;
				GCC_NO_COMMON_BLOCKS = YES;
				GCC_OPTIMIZATION_LEVEL = 0;
				GCC_PREPROCESSOR_DEFINITIONS = (
					"DEBUG=1",
					"$(inherited)",
				);
				GCC_WARN_64_TO_32_BIT_CONVERSION = YES;
				GCC_WARN_ABOUT_RETURN_TYPE = YES_ERROR;
				GCC_WARN_UNDECLARED_SELECTOR = YES;
				GCC_WARN_UNINITIALIZED_AUTOS = YES_AGGRESSIVE;
				GCC_WARN_UNUSED_FUNCTION = YES;
				GCC_WARN_UNUSED_VARIABLE = YES;
				IPHONEOS_DEPLOYMENT_TARGET = 12.4;
				MTL_ENABLE_DEBUG_INFO = INCLUDE_SOURCE;
				MTL_FAST_MATH = YES;
				ONLY_ACTIVE_ARCH = YES;
				SDKROOT = iphoneos;
				SWIFT_ACTIVE_COMPILATION_CONDITIONS = DEBUG;
				SWIFT_OPTIMIZATION_LEVEL = "-Onone";
			};
			name = Debug;
		};
		101E704F230FBE7900A297D9 /* Release */ = {
			isa = XCBuildConfiguration;
			buildSettings = {
				ALWAYS_SEARCH_USER_PATHS = NO;
				CLANG_ANALYZER_NONNULL = YES;
				CLANG_ANALYZER_NUMBER_OBJECT_CONVERSION = YES_AGGRESSIVE;
				CLANG_CXX_LANGUAGE_STANDARD = "gnu++14";
				CLANG_CXX_LIBRARY = "libc++";
				CLANG_ENABLE_MODULES = YES;
				CLANG_ENABLE_OBJC_ARC = YES;
				CLANG_ENABLE_OBJC_WEAK = YES;
				CLANG_WARN_BLOCK_CAPTURE_AUTORELEASING = YES;
				CLANG_WARN_BOOL_CONVERSION = YES;
				CLANG_WARN_COMMA = YES;
				CLANG_WARN_CONSTANT_CONVERSION = YES;
				CLANG_WARN_DEPRECATED_OBJC_IMPLEMENTATIONS = YES;
				CLANG_WARN_DIRECT_OBJC_ISA_USAGE = YES_ERROR;
				CLANG_WARN_DOCUMENTATION_COMMENTS = YES;
				CLANG_WARN_EMPTY_BODY = YES;
				CLANG_WARN_ENUM_CONVERSION = YES;
				CLANG_WARN_INFINITE_RECURSION = YES;
				CLANG_WARN_INT_CONVERSION = YES;
				CLANG_WARN_NON_LITERAL_NULL_CONVERSION = YES;
				CLANG_WARN_OBJC_IMPLICIT_RETAIN_SELF = YES;
				CLANG_WARN_OBJC_LITERAL_CONVERSION = YES;
				CLANG_WARN_OBJC_ROOT_CLASS = YES_ERROR;
				CLANG_WARN_RANGE_LOOP_ANALYSIS = YES;
				CLANG_WARN_STRICT_PROTOTYPES = YES;
				CLANG_WARN_SUSPICIOUS_MOVE = YES;
				CLANG_WARN_UNGUARDED_AVAILABILITY = YES_AGGRESSIVE;
				CLANG_WARN_UNREACHABLE_CODE = YES;
				CLANG_WARN__DUPLICATE_METHOD_MATCH = YES;
				CODE_SIGN_IDENTITY = "iPhone Developer";
				COPY_PHASE_STRIP = NO;
				DEBUG_INFORMATION_FORMAT = "dwarf-with-dsym";
				ENABLE_NS_ASSERTIONS = NO;
				ENABLE_STRICT_OBJC_MSGSEND = YES;
				GCC_C_LANGUAGE_STANDARD = gnu11;
				GCC_NO_COMMON_BLOCKS = YES;
				GCC_WARN_64_TO_32_BIT_CONVERSION = YES;
				GCC_WARN_ABOUT_RETURN_TYPE = YES_ERROR;
				GCC_WARN_UNDECLARED_SELECTOR = YES;
				GCC_WARN_UNINITIALIZED_AUTOS = YES_AGGRESSIVE;
				GCC_WARN_UNUSED_FUNCTION = YES;
				GCC_WARN_UNUSED_VARIABLE = YES;
				IPHONEOS_DEPLOYMENT_TARGET = 12.4;
				MTL_ENABLE_DEBUG_INFO = NO;
				MTL_FAST_MATH = YES;
				SDKROOT = iphoneos;
				SWIFT_COMPILATION_MODE = wholemodule;
				SWIFT_OPTIMIZATION_LEVEL = "-O";
				VALIDATE_PRODUCT = YES;
			};
			name = Release;
		};
		101E7051230FBE7900A297D9 /* Debug */ = {
			isa = XCBuildConfiguration;
			buildSettings = {
				ASSETCATALOG_COMPILER_APPICON_NAME = AppIcon;
				CODE_SIGN_STYLE = Automatic;
				DEVELOPMENT_TEAM = 3HP35UHCGA;
				INFOPLIST_FILE = "iOS Sample Architecture/Info.plist";
				LD_RUNPATH_SEARCH_PATHS = (
					"$(inherited)",
					"@executable_path/Frameworks",
				);
				PRODUCT_BUNDLE_IDENTIFIER = "id.hedy.iOS-Sample-Architecture";
				PRODUCT_NAME = "$(TARGET_NAME)";
				SWIFT_VERSION = 5.0;
				TARGETED_DEVICE_FAMILY = "1,2";
			};
			name = Debug;
		};
		101E7052230FBE7900A297D9 /* Release */ = {
			isa = XCBuildConfiguration;
			buildSettings = {
				ASSETCATALOG_COMPILER_APPICON_NAME = AppIcon;
				CODE_SIGN_STYLE = Automatic;
				DEVELOPMENT_TEAM = 3HP35UHCGA;
				INFOPLIST_FILE = "iOS Sample Architecture/Info.plist";
				LD_RUNPATH_SEARCH_PATHS = (
					"$(inherited)",
					"@executable_path/Frameworks",
				);
				PRODUCT_BUNDLE_IDENTIFIER = "id.hedy.iOS-Sample-Architecture";
				PRODUCT_NAME = "$(TARGET_NAME)";
				SWIFT_VERSION = 5.0;
				TARGETED_DEVICE_FAMILY = "1,2";
			};
			name = Release;
		};
		101E7054230FBE7900A297D9 /* Debug */ = {
			isa = XCBuildConfiguration;
			buildSettings = {
				ALWAYS_EMBED_SWIFT_STANDARD_LIBRARIES = YES;
				BUNDLE_LOADER = "$(TEST_HOST)";
				CODE_SIGN_STYLE = Automatic;
				DEVELOPMENT_TEAM = 3HP35UHCGA;
				INFOPLIST_FILE = "iOS Sample ArchitectureTests/Info.plist";
				LD_RUNPATH_SEARCH_PATHS = (
					"$(inherited)",
					"@executable_path/Frameworks",
					"@loader_path/Frameworks",
				);
				PRODUCT_BUNDLE_IDENTIFIER = "id.hedy.iOS-Sample-ArchitectureTests";
				PRODUCT_NAME = "$(TARGET_NAME)";
				SWIFT_VERSION = 5.0;
				TARGETED_DEVICE_FAMILY = "1,2";
				TEST_HOST = "$(BUILT_PRODUCTS_DIR)/iOS Sample Architecture.app/iOS Sample Architecture";
			};
			name = Debug;
		};
		101E7055230FBE7900A297D9 /* Release */ = {
			isa = XCBuildConfiguration;
			buildSettings = {
				ALWAYS_EMBED_SWIFT_STANDARD_LIBRARIES = YES;
				BUNDLE_LOADER = "$(TEST_HOST)";
				CODE_SIGN_STYLE = Automatic;
				DEVELOPMENT_TEAM = 3HP35UHCGA;
				INFOPLIST_FILE = "iOS Sample ArchitectureTests/Info.plist";
				LD_RUNPATH_SEARCH_PATHS = (
					"$(inherited)",
					"@executable_path/Frameworks",
					"@loader_path/Frameworks",
				);
				PRODUCT_BUNDLE_IDENTIFIER = "id.hedy.iOS-Sample-ArchitectureTests";
				PRODUCT_NAME = "$(TARGET_NAME)";
				SWIFT_VERSION = 5.0;
				TARGETED_DEVICE_FAMILY = "1,2";
				TEST_HOST = "$(BUILT_PRODUCTS_DIR)/iOS Sample Architecture.app/iOS Sample Architecture";
			};
			name = Release;
		};
/* End XCBuildConfiguration section */

/* Begin XCConfigurationList section */
		101E702E230FBE7600A297D9 /* Build configuration list for PBXProject "iOS Sample Architecture" */ = {
			isa = XCConfigurationList;
			buildConfigurations = (
				101E704E230FBE7900A297D9 /* Debug */,
				101E704F230FBE7900A297D9 /* Release */,
			);
			defaultConfigurationIsVisible = 0;
			defaultConfigurationName = Release;
		};
		101E7050230FBE7900A297D9 /* Build configuration list for PBXNativeTarget "iOS Sample Architecture" */ = {
			isa = XCConfigurationList;
			buildConfigurations = (
				101E7051230FBE7900A297D9 /* Debug */,
				101E7052230FBE7900A297D9 /* Release */,
			);
			defaultConfigurationIsVisible = 0;
			defaultConfigurationName = Release;
		};
		101E7053230FBE7900A297D9 /* Build configuration list for PBXNativeTarget "iOS Sample ArchitectureTests" */ = {
			isa = XCConfigurationList;
			buildConfigurations = (
				101E7054230FBE7900A297D9 /* Debug */,
				101E7055230FBE7900A297D9 /* Release */,
			);
			defaultConfigurationIsVisible = 0;
			defaultConfigurationName = Release;
		};
/* End XCConfigurationList section */
	};
	rootObject = 101E702B230FBE7600A297D9 /* Project object */;
}
